
Microsoft Visual Studio Solution File, Format Version 12.00
# Visual Studio Version 17
VisualStudioVersion = 17.11.35312.102
MinimumVisualStudioVersion = 10.0.40219.1
Project("{FAE04EC0-301F-11D3-BF4B-00C04F79EFBC}") = "Circle Objects", "Circle Objects\Circle Objects.csproj", "{35B043D5-63A9-43EF-B48F-C476E511D101}"
EndProject
Global
	GlobalSection(SolutionConfigurationPlatforms) = preSolution
		Debug|Any CPU = Debug|Any CPU
		Release|Any CPU = Release|Any CPU
	EndGlobalSection
	GlobalSection(ProjectConfigurationPlatforms) = postSolution
		{35B043D5-63A9-43EF-B48F-C476E511D101}.Debug|Any CPU.ActiveCfg = Debug|Any CPU
		{35B043D5-63A9-43EF-B48F-C476E511D101}.Debug|Any CPU.Build.0 = Debug|Any CPU
		{35B043D5-63A9-43EF-B48F-C476E511D101}.Release|Any CPU.ActiveCfg = Release|Any CPU
		{35B043D5-63A9-43EF-B48F-C476E511D101}.Release|Any CPU.Build.0 = Release|Any CPU
	EndGlobalSection
	GlobalSection(SolutionProperties) = preSolution
		HideSolutionNode = FALSE
	EndGlobalSection
	GlobalSection(ExtensibilityGlobals) = postSolution
		SolutionGuid = {7483CB17-2D1E-4ADA-96EE-3EA12F67B04B}
	EndGlobalSection
EndGlobal
